// !$*UTF8*$!
{
	archiveVersion = 1;
	classes = {
	};
	objectVersion = 56;
	objects = {

/* Begin PBXBuildFile section */
		03E6050EB5FCFC186D079536 /* LeaguesTableViewController.swift in Sources */ = {isa = PBXBuildFile; fileRef = 1D9F619321CCD908FD54EC9B /* LeaguesTableViewController.swift */; };
		0952C9D7F7FF4322B7A0F576 /* NetworkService.swift in Sources */ = {isa = PBXBuildFile; fileRef = 7AD432DC0E414950A320819D /* NetworkService.swift */; };
		16AAD41E315A66C693F272C7 /* SportsPresenter.swift in Sources */ = {isa = PBXBuildFile; fileRef = E7A8DD0596C4F358309D9CF2 /* SportsPresenter.swift */; };
		16FC21E169F2942441402EDE /* League.swift in Sources */ = {isa = PBXBuildFile; fileRef = CE7D4D9F2190B6D8168E70DA /* League.swift */; };
		1C5BBCF590474551AE4F17C1 /* UIImageView+Extension.swift in Sources */ = {isa = PBXBuildFile; fileRef = 58406886CB95424AB58EDDD2 /* UIImageView+Extension.swift */; };
		2B95AE6E731BFBF024F65367 /* FavoritesTableViewController.swift in Sources */ = {isa = PBXBuildFile; fileRef = D337508D553E671A4F7FEA35 /* FavoritesTableViewController.swift */; };
		4117AB1374D3209ED3031225 /* LeagueTableViewCell.swift in Sources */ = {isa = PBXBuildFile; fileRef = A14492F3F45A481FB16F1568 /* LeagueTableViewCell.swift */; };
		414331C20801598392D40A97 /* TeamCollectionViewCell.swift in Sources */ = {isa = PBXBuildFile; fileRef = 80C0214B055B5A40BCA40C3A /* TeamCollectionViewCell.swift */; };
		5452B51F599444DE81ACDEAA /* LeaguesResponse.swift in Sources */ = {isa = PBXBuildFile; fileRef = 1A7485CABB824BE5B5538FBB /* LeaguesResponse.swift */; };
		587D9B6FF4E7591785FCCAD9 /* LeagueDetailsContract.swift in Sources */ = {isa = PBXBuildFile; fileRef = 3259F01AC25D5BC886D151B9 /* LeagueDetailsContract.swift */; };
		59D46599FDC97A066D8DF3D4 /* SportsContract.swift in Sources */ = {isa = PBXBuildFile; fileRef = CC57369B8C4A93F039441AB8 /* SportsContract.swift */; };
		5E0DD1A3D3F75FF79E92F083 /* UpcomingEventCollectionViewCell.swift in Sources */ = {isa = PBXBuildFile; fileRef = BA59C606186B59D9AEB96AD9 /* UpcomingEventCollectionViewCell.swift */; };
		6AFB2F304C838A214DCB6FB3 /* FavoritesContract.swift in Sources */ = {isa = PBXBuildFile; fileRef = B0E02FFE3219053828BFD493 /* FavoritesContract.swift */; };
		8338F076A745419182871515 /* APIConstants.swift in Sources */ = {isa = PBXBuildFile; fileRef = 755BC499FB5241A1B9D0BCA7 /* APIConstants.swift */; };
		879C6331FDE055608F725E25 /* LatestEventCollectionViewCell.swift in Sources */ = {isa = PBXBuildFile; fileRef = 170378DA296359D7AFE6FB80 /* LatestEventCollectionViewCell.swift */; };
		87B0241DB207B4258F783D05 /* LeaguesContract.swift in Sources */ = {isa = PBXBuildFile; fileRef = AC43C763ED19FC902929B376 /* LeaguesContract.swift */; };
		899A71C7052D5563BFCB2FA4 /* TeamDetailsViewController.swift in Sources */ = {isa = PBXBuildFile; fileRef = C07B8D70ECF251CB8F6F342F /* TeamDetailsViewController.swift */; };
		9564CE84BB3E566C675945F5 /* FavoritesPresenter.swift in Sources */ = {isa = PBXBuildFile; fileRef = 36BD7863E55FCF4506F64756 /* FavoritesPresenter.swift */; };
		B60BC3F5333E5FD4AB88FC2E /* LeagueDetailsPresenter.swift in Sources */ = {isa = PBXBuildFile; fileRef = E325E733EF4758EEB02C9E2F /* LeagueDetailsPresenter.swift */; };
		BE56272481624FE79F536C80 /* EventResponse.swift in Sources */ = {isa = PBXBuildFile; fileRef = F09BAD6318414FC799F70BCF /* EventResponse.swift */; };
		BFCC294F11525F9CB949BF09 /* LeagueDetailsViewController.swift in Sources */ = {isa = PBXBuildFile; fileRef = F65306C92A615EF69E80B96C /* LeagueDetailsViewController.swift */; };
		C5F58B42925A99BFAC7CD2C8 /* Sport.swift in Sources */ = {isa = PBXBuildFile; fileRef = BF4B8172C2827AB9F7153CBD /* Sport.swift */; };
		DBCA941B3227BDD3032E6CC3 /* SportCategoryCollectionViewCell.swift in Sources */ = {isa = PBXBuildFile; fileRef = D5399C75CA700CCF4B5E7851 /* SportCategoryCollectionViewCell.swift */; };
		DC4E63592FD41602002BFD9D /* NetworkMonitor.swift in Sources */ = {isa = PBXBuildFile; fileRef = DC4E63582FD41602002BFD9D /* NetworkMonitor.swift */; };
		DC617F0F2FD187FF00ED5CA0 /* FirstOnboardingViewController.swift in Sources */ = {isa = PBXBuildFile; fileRef = DC617F0E2FD187FF00ED5CA0 /* FirstOnboardingViewController.swift */; };
		DC617F112FD1880C00ED5CA0 /* SecondOnboardingViewController.swift in Sources */ = {isa = PBXBuildFile; fileRef = DC617F102FD1880C00ED5CA0 /* SecondOnboardingViewController.swift */; };
		DC617F132FD1881800ED5CA0 /* ThirdOnboardingViewController.swift in Sources */ = {isa = PBXBuildFile; fileRef = DC617F122FD1881800ED5CA0 /* ThirdOnboardingViewController.swift */; };
		DC617F152FD1884400ED5CA0 /* OnboardingPageViewController.swift in Sources */ = {isa = PBXBuildFile; fileRef = DC617F142FD1884400ED5CA0 /* OnboardingPageViewController.swift */; };
		DCB5D4F92FCEF0CF00540247 /* AppDelegate.swift in Sources */ = {isa = PBXBuildFile; fileRef = DCB5D4F82FCEF0CF00540247 /* AppDelegate.swift */; };
		DCB5D4FB2FCEF0CF00540247 /* SceneDelegate.swift in Sources */ = {isa = PBXBuildFile; fileRef = DCB5D4FA2FCEF0CF00540247 /* SceneDelegate.swift */; };
		DCB5D4FD2FCEF0CF00540247 /* ViewController.swift in Sources */ = {isa = PBXBuildFile; fileRef = DCB5D4FC2FCEF0CF00540247 /* ViewController.swift */; };
		DCB5D5002FCEF0CF00540247 /* Main.storyboard in Resources */ = {isa = PBXBuildFile; fileRef = DCB5D4FE2FCEF0CF00540247 /* Main.storyboard */; };
		DCB5D5032FCEF0D000540247 /* sportacus.xcdatamodeld in Sources */ = {isa = PBXBuildFile; fileRef = DCB5D5012FCEF0D000540247 /* sportacus.xcdatamodeld */; };
		DCB5D5052FCEF0D200540247 /* Assets.xcassets in Resources */ = {isa = PBXBuildFile; fileRef = DCB5D5042FCEF0D200540247 /* Assets.xcassets */; };
		DCB5D5082FCEF0D200540247 /* LaunchScreen.storyboard in Resources */ = {isa = PBXBuildFile; fileRef = DCB5D5062FCEF0D200540247 /* LaunchScreen.storyboard */; };
		DCB5D5132FCEF0D300540247 /* sportacusTests.swift in Sources */ = {isa = PBXBuildFile; fileRef = DCB5D5122FCEF0D300540247 /* sportacusTests.swift */; };
		AA000001AAAA000100000001 /* LeaguesPresenterTests.swift in Sources */ = {isa = PBXBuildFile; fileRef = AA000002AAAA000200000002 /* LeaguesPresenterTests.swift */; };
		AA000003AAAA000300000003 /* LeagueDetailsPresenterTests.swift in Sources */ = {isa = PBXBuildFile; fileRef = AA000004AAAA000400000004 /* LeagueDetailsPresenterTests.swift */; };
		AA000005AAAA000500000005 /* ModelTests.swift in Sources */ = {isa = PBXBuildFile; fileRef = AA000006AAAA000600000006 /* ModelTests.swift */; };
		AA000007AAAA000700000007 /* NetworkServiceTests.swift in Sources */ = {isa = PBXBuildFile; fileRef = AA000008AAAA000800000008 /* NetworkServiceTests.swift */; };
		AA000009AAAA000900000009 /* SportsPresenterTests.swift in Sources */ = {isa = PBXBuildFile; fileRef = AA00000AAAAA000A0000000A /* SportsPresenterTests.swift */; };
		AA00000BAAAA000B0000000B /* FavoritesPresenterTests.swift in Sources */ = {isa = PBXBuildFile; fileRef = AA00000CAAAA000C0000000C /* FavoritesPresenterTests.swift */; };
		DCB5D51D2FCEF0D300540247 /* sportacusUITests.swift in Sources */ = {isa = PBXBuildFile; fileRef = DCB5D51C2FCEF0D300540247 /* sportacusUITests.swift */; };
		DCB5D51F2FCEF0D300540247 /* sportacusUITestsLaunchTests.swift in Sources */ = {isa = PBXBuildFile; fileRef = DCB5D51E2FCEF0D300540247 /* sportacusUITestsLaunchTests.swift */; };
		DCB6CCCB2FD40ED300F002C7 /* CoreDataManager.swift in Sources */ = {isa = PBXBuildFile; fileRef = DCB6CCCA2FD40ED300F002C7 /* CoreDataManager.swift */; };
		ECFEF80CA5064C16AA97AB76 /* APIEvent.swift in Sources */ = {isa = PBXBuildFile; fileRef = C3D3CA97D15F4D9EBF220479 /* APIEvent.swift */; };
		EE6C3B87C2B8EC22DCCD7269 /* SportsViewController.swift in Sources */ = {isa = PBXBuildFile; fileRef = F3DD09A156C442995A003608 /* SportsViewController.swift */; };
		FAF781CAD1094887A012AD39 /* LeaguesPresenter.swift in Sources */ = {isa = PBXBuildFile; fileRef = 95ECD63E17EF0CFE9F0DE9D1 /* LeaguesPresenter.swift */; };
/* End PBXBuildFile section */

/* Begin PBXContainerItemProxy section */
		DCB5D50F2FCEF0D300540247 /* PBXContainerItemProxy */ = {
			isa = PBXContainerItemProxy;
			containerPortal = DCB5D4ED2FCEF0CF00540247 /* Project object */;
			proxyType = 1;
			remoteGlobalIDString = DCB5D4F42FCEF0CF00540247;
			remoteInfo = sportacus;
		};
		DCB5D5192FCEF0D300540247 /* PBXContainerItemProxy */ = {
			isa = PBXContainerItemProxy;
			containerPortal = DCB5D4ED2FCEF0CF00540247 /* Project object */;
			proxyType = 1;
			remoteGlobalIDString = DCB5D4F42FCEF0CF00540247;
			remoteInfo = sportacus;
		};
/* End PBXContainerItemProxy section */

/* Begin PBXFileReference section */
		170378DA296359D7AFE6FB80 /* LatestEventCollectionViewCell.swift */ = {isa = PBXFileReference; includeInIndex = 1; lastKnownFileType = sourcecode.swift; path = LatestEventCollectionViewCell.swift; sourceTree = "<group>"; };
		1A7485CABB824BE5B5538FBB /* LeaguesResponse.swift */ = {isa = PBXFileReference; explicitFileType = undefined; fileEncoding = 4; includeInIndex = 0; lastKnownFileType = sourcecode.swift; path = LeaguesResponse.swift; sourceTree = "<group>"; };
		1D9F619321CCD908FD54EC9B /* LeaguesTableViewController.swift */ = {isa = PBXFileReference; includeInIndex = 1; lastKnownFileType = sourcecode.swift; path = LeaguesTableViewController.swift; sourceTree = "<group>"; };
		3259F01AC25D5BC886D151B9 /* LeagueDetailsContract.swift */ = {isa = PBXFileReference; includeInIndex = 1; lastKnownFileType = sourcecode.swift; path = LeagueDetailsContract.swift; sourceTree = "<group>"; };
		36BD7863E55FCF4506F64756 /* FavoritesPresenter.swift */ = {isa = PBXFileReference; includeInIndex = 1; lastKnownFileType = sourcecode.swift; path = FavoritesPresenter.swift; sourceTree = "<group>"; };
		58406886CB95424AB58EDDD2 /* UIImageView+Extension.swift */ = {isa = PBXFileReference; explicitFileType = undefined; fileEncoding = 4; includeInIndex = 0; lastKnownFileType = sourcecode.swift; path = "UIImageView+Extension.swift"; sourceTree = "<group>"; };
		755BC499FB5241A1B9D0BCA7 /* APIConstants.swift */ = {isa = PBXFileReference; explicitFileType = undefined; fileEncoding = 4; includeInIndex = 0; lastKnownFileType = sourcecode.swift; path = APIConstants.swift; sourceTree = "<group>"; };
		7AD432DC0E414950A320819D /* NetworkService.swift */ = {isa = PBXFileReference; explicitFileType = undefined; fileEncoding = 4; includeInIndex = 0; lastKnownFileType = sourcecode.swift; path = NetworkService.swift; sourceTree = "<group>"; };
		80C0214B055B5A40BCA40C3A /* TeamCollectionViewCell.swift */ = {isa = PBXFileReference; includeInIndex = 1; lastKnownFileType = sourcecode.swift; path = TeamCollectionViewCell.swift; sourceTree = "<group>"; };
		95ECD63E17EF0CFE9F0DE9D1 /* LeaguesPresenter.swift */ = {isa = PBXFileReference; includeInIndex = 1; lastKnownFileType = sourcecode.swift; path = LeaguesPresenter.swift; sourceTree = "<group>"; };
		A14492F3F45A481FB16F1568 /* LeagueTableViewCell.swift */ = {isa = PBXFileReference; includeInIndex = 1; lastKnownFileType = sourcecode.swift; path = LeagueTableViewCell.swift; sourceTree = "<group>"; };
		AC43C763ED19FC902929B376 /* LeaguesContract.swift */ = {isa = PBXFileReference; includeInIndex = 1; lastKnownFileType = sourcecode.swift; path = LeaguesContract.swift; sourceTree = "<group>"; };
		B0E02FFE3219053828BFD493 /* FavoritesContract.swift */ = {isa = PBXFileReference; includeInIndex = 1; lastKnownFileType = sourcecode.swift; path = FavoritesContract.swift; sourceTree = "<group>"; };
		BA59C606186B59D9AEB96AD9 /* UpcomingEventCollectionViewCell.swift */ = {isa = PBXFileReference; includeInIndex = 1; lastKnownFileType = sourcecode.swift; path = UpcomingEventCollectionViewCell.swift; sourceTree = "<group>"; };
		BF4B8172C2827AB9F7153CBD /* Sport.swift */ = {isa = PBXFileReference; includeInIndex = 1; lastKnownFileType = sourcecode.swift; path = Sport.swift; sourceTree = "<group>"; };
		C07B8D70ECF251CB8F6F342F /* TeamDetailsViewController.swift */ = {isa = PBXFileReference; includeInIndex = 1; lastKnownFileType = sourcecode.swift; path = TeamDetailsViewController.swift; sourceTree = "<group>"; };
		C3D3CA97D15F4D9EBF220479 /* APIEvent.swift */ = {isa = PBXFileReference; explicitFileType = undefined; fileEncoding = 4; includeInIndex = 0; lastKnownFileType = sourcecode.swift; path = APIEvent.swift; sourceTree = "<group>"; };
		CC57369B8C4A93F039441AB8 /* SportsContract.swift */ = {isa = PBXFileReference; includeInIndex = 1; lastKnownFileType = sourcecode.swift; path = SportsContract.swift; sourceTree = "<group>"; };
		CE7D4D9F2190B6D8168E70DA /* League.swift */ = {isa = PBXFileReference; includeInIndex = 1; lastKnownFileType = sourcecode.swift; path = League.swift; sourceTree = "<group>"; };
		D337508D553E671A4F7FEA35 /* FavoritesTableViewController.swift */ = {isa = PBXFileReference; includeInIndex = 1; lastKnownFileType = sourcecode.swift; path = FavoritesTableViewController.swift; sourceTree = "<group>"; };
		D5399C75CA700CCF4B5E7851 /* SportCategoryCollectionViewCell.swift */ = {isa = PBXFileReference; includeInIndex = 1; lastKnownFileType = sourcecode.swift; path = SportCategoryCollectionViewCell.swift; sourceTree = "<group>"; };
		DC4E63582FD41602002BFD9D /* NetworkMonitor.swift */ = {isa = PBXFileReference; fileEncoding = 4; lastKnownFileType = sourcecode.swift; path = NetworkMonitor.swift; sourceTree = "<group>"; };
		DC617F0E2FD187FF00ED5CA0 /* FirstOnboardingViewController.swift */ = {isa = PBXFileReference; lastKnownFileType = sourcecode.swift; path = FirstOnboardingViewController.swift; sourceTree = "<group>"; };
		DC617F102FD1880C00ED5CA0 /* SecondOnboardingViewController.swift */ = {isa = PBXFileReference; lastKnownFileType = sourcecode.swift; path = SecondOnboardingViewController.swift; sourceTree = "<group>"; };
		DC617F122FD1881800ED5CA0 /* ThirdOnboardingViewController.swift */ = {isa = PBXFileReference; lastKnownFileType = sourcecode.swift; path = ThirdOnboardingViewController.swift; sourceTree = "<group>"; };
		DC617F142FD1884400ED5CA0 /* OnboardingPageViewController.swift */ = {isa = PBXFileReference; lastKnownFileType = sourcecode.swift; path = OnboardingPageViewController.swift; sourceTree = "<group>"; };
		DCB5D4F52FCEF0CF00540247 /* sportacus.app */ = {isa = PBXFileReference; explicitFileType = wrapper.application; includeInIndex = 0; path = sportacus.app; sourceTree = BUILT_PRODUCTS_DIR; };
		DCB5D4F82FCEF0CF00540247 /* AppDelegate.swift */ = {isa = PBXFileReference; lastKnownFileType = sourcecode.swift; path = AppDelegate.swift; sourceTree = "<group>"; };
		DCB5D4FA2FCEF0CF00540247 /* SceneDelegate.swift */ = {isa = PBXFileReference; lastKnownFileType = sourcecode.swift; path = SceneDelegate.swift; sourceTree = "<group>"; };
		DCB5D4FC2FCEF0CF00540247 /* ViewController.swift */ = {isa = PBXFileReference; lastKnownFileType = sourcecode.swift; path = ViewController.swift; sourceTree = "<group>"; };
		DCB5D4FF2FCEF0CF00540247 /* Base */ = {isa = PBXFileReference; lastKnownFileType = file.storyboard; name = Base; path = Base.lproj/Main.storyboard; sourceTree = "<group>"; };
		DCB5D5022FCEF0D000540247 /* sportacus.xcdatamodel */ = {isa = PBXFileReference; lastKnownFileType = wrapper.xcdatamodel; path = sportacus.xcdatamodel; sourceTree = "<group>"; };
		DCB5D5042FCEF0D200540247 /* Assets.xcassets */ = {isa = PBXFileReference; lastKnownFileType = folder.assetcatalog; path = Assets.xcassets; sourceTree = "<group>"; };
		DCB5D5072FCEF0D200540247 /* Base */ = {isa = PBXFileReference; lastKnownFileType = file.storyboard; name = Base; path = Base.lproj/LaunchScreen.storyboard; sourceTree = "<group>"; };
		DCB5D5092FCEF0D200540247 /* Info.plist */ = {isa = PBXFileReference; lastKnownFileType = text.plist.xml; path = Info.plist; sourceTree = "<group>"; };
		DCB5D50E2FCEF0D300540247 /* sportacusTests.xctest */ = {isa = PBXFileReference; explicitFileType = wrapper.cfbundle; includeInIndex = 0; path = sportacusTests.xctest; sourceTree = BUILT_PRODUCTS_DIR; };
		DCB5D5122FCEF0D300540247 /* sportacusTests.swift */ = {isa = PBXFileReference; lastKnownFileType = sourcecode.swift; path = sportacusTests.swift; sourceTree = "<group>"; };
		AA000002AAAA000200000002 /* LeaguesPresenterTests.swift */ = {isa = PBXFileReference; lastKnownFileType = sourcecode.swift; path = LeaguesPresenterTests.swift; sourceTree = "<group>"; };
		AA000004AAAA000400000004 /* LeagueDetailsPresenterTests.swift */ = {isa = PBXFileReference; lastKnownFileType = sourcecode.swift; path = LeagueDetailsPresenterTests.swift; sourceTree = "<group>"; };
		AA000006AAAA000600000006 /* ModelTests.swift */ = {isa = PBXFileReference; lastKnownFileType = sourcecode.swift; path = ModelTests.swift; sourceTree = "<group>"; };
		AA000008AAAA000800000008 /* NetworkServiceTests.swift */ = {isa = PBXFileReference; lastKnownFileType = sourcecode.swift; path = NetworkServiceTests.swift; sourceTree = "<group>"; };
		AA00000AAAAA000A0000000A /* SportsPresenterTests.swift */ = {isa = PBXFileReference; lastKnownFileType = sourcecode.swift; path = SportsPresenterTests.swift; sourceTree = "<group>"; };
		AA00000CAAAA000C0000000C /* FavoritesPresenterTests.swift */ = {isa = PBXFileReference; lastKnownFileType = sourcecode.swift; path = FavoritesPresenterTests.swift; sourceTree = "<group>"; };
		DCB5D5182FCEF0D300540247 /* sportacusUITests.xctest */ = {isa = PBXFileReference; explicitFileType = wrapper.cfbundle; includeInIndex = 0; path = sportacusUITests.xctest; sourceTree = BUILT_PRODUCTS_DIR; };
		DCB5D51C2FCEF0D300540247 /* sportacusUITests.swift */ = {isa = PBXFileReference; lastKnownFileType = sourcecode.swift; path = sportacusUITests.swift; sourceTree = "<group>"; };
		DCB5D51E2FCEF0D300540247 /* sportacusUITestsLaunchTests.swift */ = {isa = PBXFileReference; lastKnownFileType = sourcecode.swift; path = sportacusUITestsLaunchTests.swift; sourceTree = "<group>"; };
		DCB6CCCA2FD40ED300F002C7 /* CoreDataManager.swift */ = {isa = PBXFileReference; fileEncoding = 4; lastKnownFileType = sourcecode.swift; path = CoreDataManager.swift; sourceTree = "<group>"; };
		E325E733EF4758EEB02C9E2F /* LeagueDetailsPresenter.swift */ = {isa = PBXFileReference; includeInIndex = 1; lastKnownFileType = sourcecode.swift; path = LeagueDetailsPresenter.swift; sourceTree = "<group>"; };
		E7A8DD0596C4F358309D9CF2 /* SportsPresenter.swift */ = {isa = PBXFileReference; includeInIndex = 1; lastKnownFileType = sourcecode.swift; path = SportsPresenter.swift; sourceTree = "<group>"; };
		F09BAD6318414FC799F70BCF /* EventResponse.swift */ = {isa = PBXFileReference; explicitFileType = undefined; fileEncoding = 4; includeInIndex = 0; lastKnownFileType = sourcecode.swift; path = EventResponse.swift; sourceTree = "<group>"; };
		F3DD09A156C442995A003608 /* SportsViewController.swift */ = {isa = PBXFileReference; includeInIndex = 1; lastKnownFileType = sourcecode.swift; path = SportsViewController.swift; sourceTree = "<group>"; };
		F65306C92A615EF69E80B96C /* LeagueDetailsViewController.swift */ = {isa = PBXFileReference; includeInIndex = 1; lastKnownFileType = sourcecode.swift; path = LeagueDetailsViewController.swift; sourceTree = "<group>"; };
/* End PBXFileReference section */

/* Begin PBXFrameworksBuildPhase section */
		DCB5D4F22FCEF0CF00540247 /* Frameworks */ = {
			isa = PBXFrameworksBuildPhase;
			buildActionMask = 2147483647;
			files = (
			);
			runOnlyForDeploymentPostprocessing = 0;
		};
		DCB5D50B2FCEF0D300540247 /* Frameworks */ = {
			isa = PBXFrameworksBuildPhase;
			buildActionMask = 2147483647;
			files = (
			);
			runOnlyForDeploymentPostprocessing = 0;
		};
		DCB5D5152FCEF0D300540247 /* Frameworks */ = {
			isa = PBXFrameworksBuildPhase;
			buildActionMask = 2147483647;
			files = (
			);
			runOnlyForDeploymentPostprocessing = 0;
		};
/* End PBXFrameworksBuildPhase section */

/* Begin PBXGroup section */
		1BE7D547A4913637A53B271D /* League */ = {
			isa = PBXGroup;
			children = (
				CE7D4D9F2190B6D8168E70DA /* League.swift */,
				1A7485CABB824BE5B5538FBB /* LeaguesResponse.swift */,
			);
			path = League;
			sourceTree = "<group>";
		};
		25DA52E36F1C6952F4AF165E /* presenter */ = {
			isa = PBXGroup;
			children = (
				CC57369B8C4A93F039441AB8 /* SportsContract.swift */,
				E7A8DD0596C4F358309D9CF2 /* SportsPresenter.swift */,
			);
			path = presenter;
			sourceTree = "<group>";
		};
		3B9AD05DD9EB6BA7A8C277D7 /* Features */ = {
			isa = PBXGroup;
			children = (
				DC617F0C2FD187E000ED5CA0 /* Onboarding */,
				577ED808A8566EA6858A27A2 /* Favorites */,
				8165E2CD382F9B7A71ABA894 /* Leagues */,
				D6FAAD04F16B1AF2B7367317 /* sports */,
			);
			path = Features;
			sourceTree = "<group>";
		};
		3DBD958F8DD13339EA5920C6 /* presenter */ = {
			isa = PBXGroup;
			children = (
				E325E733EF4758EEB02C9E2F /* LeagueDetailsPresenter.swift */,
				3259F01AC25D5BC886D151B9 /* LeagueDetailsContract.swift */,
				AC43C763ED19FC902929B376 /* LeaguesContract.swift */,
				95ECD63E17EF0CFE9F0DE9D1 /* LeaguesPresenter.swift */,
			);
			path = presenter;
			sourceTree = "<group>";
		};
		577ED808A8566EA6858A27A2 /* Favorites */ = {
			isa = PBXGroup;
			children = (
				D0B4B9D8661E0755253BE6D0 /* view */,
				FCC353D761A6A0A8D79440D7 /* presenter */,
			);
			path = Favorites;
			sourceTree = "<group>";
		};
		67BE16A0EF9E4EB39BB32979 /* Event */ = {
			isa = PBXGroup;
			children = (
				C3D3CA97D15F4D9EBF220479 /* APIEvent.swift */,
				F09BAD6318414FC799F70BCF /* EventResponse.swift */,
			);
			path = Event;
			sourceTree = "<group>";
		};
		6B8833D4EAA34319CADA073B /* view */ = {
			isa = PBXGroup;
			children = (
				F3DD09A156C442995A003608 /* SportsViewController.swift */,
				D5399C75CA700CCF4B5E7851 /* SportCategoryCollectionViewCell.swift */,
			);
			path = view;
			sourceTree = "<group>";
		};
		8165E2CD382F9B7A71ABA894 /* Leagues */ = {
			isa = PBXGroup;
			children = (
				3DBD958F8DD13339EA5920C6 /* presenter */,
				E7087AAB808EA45DEC409503 /* view */,
			);
			path = Leagues;
			sourceTree = "<group>";
		};
		92BA21D2A885763DB57CFB8A /* Utils */ = {
			isa = PBXGroup;
			children = (
				DC4E63582FD41602002BFD9D /* NetworkMonitor.swift */,
				DE63976DFDDA1C33698D9EBE /* Enums */,
				755BC499FB5241A1B9D0BCA7 /* APIConstants.swift */,
				96E5BC3C763F4F899687A4B9 /* Extensions */,
			);
			path = Utils;
			sourceTree = "<group>";
		};
		96E5BC3C763F4F899687A4B9 /* Extensions */ = {
			isa = PBXGroup;
			children = (
				58406886CB95424AB58EDDD2 /* UIImageView+Extension.swift */,
			);
			path = Extensions;
			sourceTree = "<group>";
		};
		B7664E252CFF52ED165B48B5 /* Entities */ = {
			isa = PBXGroup;
			children = (
				1BE7D547A4913637A53B271D /* League */,
				67BE16A0EF9E4EB39BB32979 /* Event */,
			);
			path = Entities;
			sourceTree = "<group>";
		};
		C779A45CDFAF412986368964 /* Network */ = {
			isa = PBXGroup;
			children = (
				DCB6CCCA2FD40ED300F002C7 /* CoreDataManager.swift */,
				7AD432DC0E414950A320819D /* NetworkService.swift */,
			);
			path = Network;
			sourceTree = "<group>";
		};
		D0B4B9D8661E0755253BE6D0 /* view */ = {
			isa = PBXGroup;
			children = (
				D337508D553E671A4F7FEA35 /* FavoritesTableViewController.swift */,
			);
			path = view;
			sourceTree = "<group>";
		};
		D6FAAD04F16B1AF2B7367317 /* sports */ = {
			isa = PBXGroup;
			children = (
				25DA52E36F1C6952F4AF165E /* presenter */,
				6B8833D4EAA34319CADA073B /* view */,
			);
			path = sports;
			sourceTree = "<group>";
		};
		DC617F0C2FD187E000ED5CA0 /* Onboarding */ = {
			isa = PBXGroup;
			children = (
				DC617F0D2FD187EA00ED5CA0 /* View */,
			);
			path = Onboarding;
			sourceTree = "<group>";
		};
		DC617F0D2FD187EA00ED5CA0 /* View */ = {
			isa = PBXGroup;
			children = (
				DC617F0E2FD187FF00ED5CA0 /* FirstOnboardingViewController.swift */,
				DC617F102FD1880C00ED5CA0 /* SecondOnboardingViewController.swift */,
				DC617F122FD1881800ED5CA0 /* ThirdOnboardingViewController.swift */,
				DC617F142FD1884400ED5CA0 /* OnboardingPageViewController.swift */,
			);
			path = View;
			sourceTree = "<group>";
		};
		DCB5D4EC2FCEF0CF00540247 = {
			isa = PBXGroup;
			children = (
				DCB5D4F72FCEF0CF00540247 /* sportacus */,
				DCB5D5112FCEF0D300540247 /* sportacusTests */,
				DCB5D51B2FCEF0D300540247 /* sportacusUITests */,
				DCB5D4F62FCEF0CF00540247 /* Products */,
			);
			sourceTree = "<group>";
		};
		DCB5D4F62FCEF0CF00540247 /* Products */ = {
			isa = PBXGroup;
			children = (
				DCB5D4F52FCEF0CF00540247 /* sportacus.app */,
				DCB5D50E2FCEF0D300540247 /* sportacusTests.xctest */,
				DCB5D5182FCEF0D300540247 /* sportacusUITests.xctest */,
			);
			name = Products;
			sourceTree = "<group>";
		};
		DCB5D4F72FCEF0CF00540247 /* sportacus */ = {
			isa = PBXGroup;
			children = (
				DCB5D4F82FCEF0CF00540247 /* AppDelegate.swift */,
				DCB5D4FA2FCEF0CF00540247 /* SceneDelegate.swift */,
				DCB5D4FC2FCEF0CF00540247 /* ViewController.swift */,
				DCB5D4FE2FCEF0CF00540247 /* Main.storyboard */,
				DCB5D5042FCEF0D200540247 /* Assets.xcassets */,
				DCB5D5062FCEF0D200540247 /* LaunchScreen.storyboard */,
				DCB5D5092FCEF0D200540247 /* Info.plist */,
				DCB5D5012FCEF0D000540247 /* sportacus.xcdatamodeld */,
				3B9AD05DD9EB6BA7A8C277D7 /* Features */,
				92BA21D2A885763DB57CFB8A /* Utils */,
				E18ECF2E22D9A80BE792AF3C /* Model */,
				C779A45CDFAF412986368964 /* Network */,
			);
			path = sportacus;
			sourceTree = "<group>";
		};
		DCB5D5112FCEF0D300540247 /* sportacusTests */ = {
			isa = PBXGroup;
			children = (
				DCB5D5122FCEF0D300540247 /* sportacusTests.swift */,
				AA000002AAAA000200000002 /* LeaguesPresenterTests.swift */,
				AA000004AAAA000400000004 /* LeagueDetailsPresenterTests.swift */,
				AA000006AAAA000600000006 /* ModelTests.swift */,
				AA000008AAAA000800000008 /* NetworkServiceTests.swift */,
				AA00000AAAAA000A0000000A /* SportsPresenterTests.swift */,
				AA00000CAAAA000C0000000C /* FavoritesPresenterTests.swift */,
			);
			path = sportacusTests;
			sourceTree = "<group>";
		};
		DCB5D51B2FCEF0D300540247 /* sportacusUITests */ = {
			isa = PBXGroup;
			children = (
				DCB5D51C2FCEF0D300540247 /* sportacusUITests.swift */,
				DCB5D51E2FCEF0D300540247 /* sportacusUITestsLaunchTests.swift */,
			);
			path = sportacusUITests;
			sourceTree = "<group>";
		};
		DE63976DFDDA1C33698D9EBE /* Enums */ = {
			isa = PBXGroup;
			children = (
				BF4B8172C2827AB9F7153CBD /* Sport.swift */,
			);
			path = Enums;
			sourceTree = "<group>";
		};
		E18ECF2E22D9A80BE792AF3C /* Model */ = {
			isa = PBXGroup;
			children = (
				B7664E252CFF52ED165B48B5 /* Entities */,
			);
			path = Model;
			sourceTree = "<group>";
		};
		E7087AAB808EA45DEC409503 /* view */ = {
			isa = PBXGroup;
			children = (
				C07B8D70ECF251CB8F6F342F /* TeamDetailsViewController.swift */,
				80C0214B055B5A40BCA40C3A /* TeamCollectionViewCell.swift */,
				170378DA296359D7AFE6FB80 /* LatestEventCollectionViewCell.swift */,
				BA59C606186B59D9AEB96AD9 /* UpcomingEventCollectionViewCell.swift */,
				F65306C92A615EF69E80B96C /* LeagueDetailsViewController.swift */,
				A14492F3F45A481FB16F1568 /* LeagueTableViewCell.swift */,
				1D9F619321CCD908FD54EC9B /* LeaguesTableViewController.swift */,
			);
			path = view;
			sourceTree = "<group>";
		};
		FCC353D761A6A0A8D79440D7 /* presenter */ = {
			isa = PBXGroup;
			children = (
				B0E02FFE3219053828BFD493 /* FavoritesContract.swift */,
				36BD7863E55FCF4506F64756 /* FavoritesPresenter.swift */,
			);
			path = presenter;
			sourceTree = "<group>";
		};
/* End PBXGroup section */

/* Begin PBXNativeTarget section */
		DCB5D4F42FCEF0CF00540247 /* sportacus */ = {
			isa = PBXNativeTarget;
			buildConfigurationList = DCB5D5222FCEF0D300540247 /* Build configuration list for PBXNativeTarget "sportacus" */;
			buildPhases = (
				DCB5D4F12FCEF0CF00540247 /* Sources */,
				DCB5D4F22FCEF0CF00540247 /* Frameworks */,
				DCB5D4F32FCEF0CF00540247 /* Resources */,
			);
			buildRules = (
			);
			dependencies = (
			);
			name = sportacus;
			productName = sportacus;
			productReference = DCB5D4F52FCEF0CF00540247 /* sportacus.app */;
			productType = "com.apple.product-type.application";
		};
		DCB5D50D2FCEF0D300540247 /* sportacusTests */ = {
			isa = PBXNativeTarget;
			buildConfigurationList = DCB5D5252FCEF0D300540247 /* Build configuration list for PBXNativeTarget "sportacusTests" */;
			buildPhases = (
				DCB5D50A2FCEF0D300540247 /* Sources */,
				DCB5D50B2FCEF0D300540247 /* Frameworks */,
				DCB5D50C2FCEF0D300540247 /* Resources */,
			);
			buildRules = (
			);
			dependencies = (
				DCB5D5102FCEF0D300540247 /* PBXTargetDependency */,
			);
			name = sportacusTests;
			productName = sportacusTests;
			productReference = DCB5D50E2FCEF0D300540247 /* sportacusTests.xctest */;
			productType = "com.apple.product-type.bundle.unit-test";
		};
		DCB5D5172FCEF0D300540247 /* sportacusUITests */ = {
			isa = PBXNativeTarget;
			buildConfigurationList = DCB5D5282FCEF0D300540247 /* Build configuration list for PBXNativeTarget "sportacusUITests" */;
			buildPhases = (
				DCB5D5142FCEF0D300540247 /* Sources */,
				DCB5D5152FCEF0D300540247 /* Frameworks */,
				DCB5D5162FCEF0D300540247 /* Resources */,
			);
			buildRules = (
			);
			dependencies = (
				DCB5D51A2FCEF0D300540247 /* PBXTargetDependency */,
			);
			name = sportacusUITests;
			productName = sportacusUITests;
			productReference = DCB5D5182FCEF0D300540247 /* sportacusUITests.xctest */;
			productType = "com.apple.product-type.bundle.ui-testing";
		};
/* End PBXNativeTarget section */

/* Begin PBXProject section */
		DCB5D4ED2FCEF0CF00540247 /* Project object */ = {
			isa = PBXProject;
			attributes = {
				BuildIndependentTargetsInParallel = 1;
				LastSwiftUpdateCheck = 1520;
				LastUpgradeCheck = 1520;
				TargetAttributes = {
					DCB5D4F42FCEF0CF00540247 = {
						CreatedOnToolsVersion = 15.2;
					};
					DCB5D50D2FCEF0D300540247 = {
						CreatedOnToolsVersion = 15.2;
						TestTargetID = DCB5D4F42FCEF0CF00540247;
					};
					DCB5D5172FCEF0D300540247 = {
						CreatedOnToolsVersion = 15.2;
						TestTargetID = DCB5D4F42FCEF0CF00540247;
					};
				};
			};
			buildConfigurationList = DCB5D4F02FCEF0CF00540247 /* Build configuration list for PBXProject "sportacus" */;
			compatibilityVersion = "Xcode 14.0";
			developmentRegion = en;
			hasScannedForEncodings = 0;
			knownRegions = (
				en,
				Base,
			);
			mainGroup = DCB5D4EC2FCEF0CF00540247;
			productRefGroup = DCB5D4F62FCEF0CF00540247 /* Products */;
			projectDirPath = "";
			projectRoot = "";
			targets = (
				DCB5D4F42FCEF0CF00540247 /* sportacus */,
				DCB5D50D2FCEF0D300540247 /* sportacusTests */,
				DCB5D5172FCEF0D300540247 /* sportacusUITests */,
			);
		};
/* End PBXProject section */

/* Begin PBXResourcesBuildPhase section */
		DCB5D4F32FCEF0CF00540247 /* Resources */ = {
			isa = PBXResourcesBuildPhase;
			buildActionMask = 2147483647;
			files = (
				DCB5D5082FCEF0D200540247 /* LaunchScreen.storyboard in Resources */,
				DCB5D5052FCEF0D200540247 /* Assets.xcassets in Resources */,
				DCB5D5002FCEF0CF00540247 /* Main.storyboard in Resources */,
			);
			runOnlyForDeploymentPostprocessing = 0;
		};
		DCB5D50C2FCEF0D300540247 /* Resources */ = {
			isa = PBXResourcesBuildPhase;
			buildActionMask = 2147483647;
			files = (
			);
			runOnlyForDeploymentPostprocessing = 0;
		};
		DCB5D5162FCEF0D300540247 /* Resources */ = {
			isa = PBXResourcesBuildPhase;
			buildActionMask = 2147483647;
			files = (
			);
			runOnlyForDeploymentPostprocessing = 0;
		};
/* End PBXResourcesBuildPhase section */

/* Begin PBXSourcesBuildPhase section */
		DCB5D4F12FCEF0CF00540247 /* Sources */ = {
			isa = PBXSourcesBuildPhase;
			buildActionMask = 2147483647;
			files = (
				587D9B6FF4E7591785FCCAD9 /* LeagueDetailsContract.swift in Sources */,
				B60BC3F5333E5FD4AB88FC2E /* LeagueDetailsPresenter.swift in Sources */,
				BFCC294F11525F9CB949BF09 /* LeagueDetailsViewController.swift in Sources */,
				5E0DD1A3D3F75FF79E92F083 /* UpcomingEventCollectionViewCell.swift in Sources */,
				879C6331FDE055608F725E25 /* LatestEventCollectionViewCell.swift in Sources */,
				414331C20801598392D40A97 /* TeamCollectionViewCell.swift in Sources */,
				899A71C7052D5563BFCB2FA4 /* TeamDetailsViewController.swift in Sources */,
				DCB5D4FD2FCEF0CF00540247 /* ViewController.swift in Sources */,
				DCB5D4F92FCEF0CF00540247 /* AppDelegate.swift in Sources */,
				DC617F112FD1880C00ED5CA0 /* SecondOnboardingViewController.swift in Sources */,
				DCB5D5032FCEF0D000540247 /* sportacus.xcdatamodeld in Sources */,
				DCB5D4FB2FCEF0CF00540247 /* SceneDelegate.swift in Sources */,
				DC617F152FD1884400ED5CA0 /* OnboardingPageViewController.swift in Sources */,
				2B95AE6E731BFBF024F65367 /* FavoritesTableViewController.swift in Sources */,
				6AFB2F304C838A214DCB6FB3 /* FavoritesContract.swift in Sources */,
				9564CE84BB3E566C675945F5 /* FavoritesPresenter.swift in Sources */,
				87B0241DB207B4258F783D05 /* LeaguesContract.swift in Sources */,
				DC617F132FD1881800ED5CA0 /* ThirdOnboardingViewController.swift in Sources */,
				FAF781CAD1094887A012AD39 /* LeaguesPresenter.swift in Sources */,
				4117AB1374D3209ED3031225 /* LeagueTableViewCell.swift in Sources */,
				03E6050EB5FCFC186D079536 /* LeaguesTableViewController.swift in Sources */,
				59D46599FDC97A066D8DF3D4 /* SportsContract.swift in Sources */,
				16AAD41E315A66C693F272C7 /* SportsPresenter.swift in Sources */,
				EE6C3B87C2B8EC22DCCD7269 /* SportsViewController.swift in Sources */,
				DBCA941B3227BDD3032E6CC3 /* SportCategoryCollectionViewCell.swift in Sources */,
				DC4E63592FD41602002BFD9D /* NetworkMonitor.swift in Sources */,
				DC617F0F2FD187FF00ED5CA0 /* FirstOnboardingViewController.swift in Sources */,
				C5F58B42925A99BFAC7CD2C8 /* Sport.swift in Sources */,
				16FC21E169F2942441402EDE /* League.swift in Sources */,
				5452B51F599444DE81ACDEAA /* LeaguesResponse.swift in Sources */,
				8338F076A745419182871515 /* APIConstants.swift in Sources */,
				0952C9D7F7FF4322B7A0F576 /* NetworkService.swift in Sources */,
				1C5BBCF590474551AE4F17C1 /* UIImageView+Extension.swift in Sources */,
				ECFEF80CA5064C16AA97AB76 /* APIEvent.swift in Sources */,
				DCB6CCCB2FD40ED300F002C7 /* CoreDataManager.swift in Sources */,
				BE56272481624FE79F536C80 /* EventResponse.swift in Sources */,
			);
			runOnlyForDeploymentPostprocessing = 0;
		};
		DCB5D50A2FCEF0D300540247 /* Sources */ = {
			isa = PBXSourcesBuildPhase;
			buildActionMask = 2147483647;
			files = (
				DCB5D5132FCEF0D300540247 /* sportacusTests.swift in Sources */,
				AA000001AAAA000100000001 /* LeaguesPresenterTests.swift in Sources */,
				AA000003AAAA000300000003 /* LeagueDetailsPresenterTests.swift in Sources */,
				AA000005AAAA000500000005 /* ModelTests.swift in Sources */,
				AA000007AAAA000700000007 /* NetworkServiceTests.swift in Sources */,
				AA000009AAAA000900000009 /* SportsPresenterTests.swift in Sources */,
				AA00000BAAAA000B0000000B /* FavoritesPresenterTests.swift in Sources */,
			);
			runOnlyForDeploymentPostprocessing = 0;
		};
		DCB5D5142FCEF0D300540247 /* Sources */ = {
			isa = PBXSourcesBuildPhase;
			buildActionMask = 2147483647;
			files = (
				DCB5D51D2FCEF0D300540247 /* sportacusUITests.swift in Sources */,
				DCB5D51F2FCEF0D300540247 /* sportacusUITestsLaunchTests.swift in Sources */,
			);
			runOnlyForDeploymentPostprocessing = 0;
		};
/* End PBXSourcesBuildPhase section */

/* Begin PBXTargetDependency section */
		DCB5D5102FCEF0D300540247 /* PBXTargetDependency */ = {
			isa = PBXTargetDependency;
			target = DCB5D4F42FCEF0CF00540247 /* sportacus */;
			targetProxy = DCB5D50F2FCEF0D300540247 /* PBXContainerItemProxy */;
		};
		DCB5D51A2FCEF0D300540247 /* PBXTargetDependency */ = {
			isa = PBXTargetDependency;
			target = DCB5D4F42FCEF0CF00540247 /* sportacus */;
			targetProxy = DCB5D5192FCEF0D300540247 /* PBXContainerItemProxy */;
		};
/* End PBXTargetDependency section */

/* Begin PBXVariantGroup section */
		DCB5D4FE2FCEF0CF00540247 /* Main.storyboard */ = {
			isa = PBXVariantGroup;
			children = (
				DCB5D4FF2FCEF0CF00540247 /* Base */,
			);
			name = Main.storyboard;
			sourceTree = "<group>";
		};
		DCB5D5062FCEF0D200540247 /* LaunchScreen.storyboard */ = {
			isa = PBXVariantGroup;
			children = (
				DCB5D5072FCEF0D200540247 /* Base */,
			);
			name = LaunchScreen.storyboard;
			sourceTree = "<group>";
		};
/* End PBXVariantGroup section */

/* Begin XCBuildConfiguration section */
		DCB5D5202FCEF0D300540247 /* Debug */ = {
			isa = XCBuildConfiguration;
			buildSettings = {
				ALWAYS_SEARCH_USER_PATHS = NO;
				ASSETCATALOG_COMPILER_GENERATE_SWIFT_ASSET_SYMBOL_EXTENSIONS = YES;
				CLANG_ANALYZER_NONNULL = YES;
				CLANG_ANALYZER_NUMBER_OBJECT_CONVERSION = YES_AGGRESSIVE;
				CLANG_CXX_LANGUAGE_STANDARD = "gnu++20";
				CLANG_ENABLE_MODULES = YES;
				CLANG_ENABLE_OBJC_ARC = YES;
				CLANG_ENABLE_OBJC_WEAK = YES;
				CLANG_WARN_BLOCK_CAPTURE_AUTORELEASING = YES;
				CLANG_WARN_BOOL_CONVERSION = YES;
				CLANG_WARN_COMMA = YES;
				CLANG_WARN_CONSTANT_CONVERSION = YES;
				CLANG_WARN_DEPRECATED_OBJC_IMPLEMENTATIONS = YES;
				CLANG_WARN_DIRECT_OBJC_ISA_USAGE = YES_ERROR;
				CLANG_WARN_DOCUMENTATION_COMMENTS = YES;
				CLANG_WARN_EMPTY_BODY = YES;
				CLANG_WARN_ENUM_CONVERSION = YES;
				CLANG_WARN_INFINITE_RECURSION = YES;
				CLANG_WARN_INT_CONVERSION = YES;
				CLANG_WARN_NON_LITERAL_NULL_CONVERSION = YES;
				CLANG_WARN_OBJC_IMPLICIT_RETAIN_SELF = YES;
				CLANG_WARN_OBJC_LITERAL_CONVERSION = YES;
				CLANG_WARN_OBJC_ROOT_CLASS = YES_ERROR;
				CLANG_WARN_QUOTED_INCLUDE_IN_FRAMEWORK_HEADER = YES;
				CLANG_WARN_RANGE_LOOP_ANALYSIS = YES;
				CLANG_WARN_STRICT_PROTOTYPES = YES;
				CLANG_WARN_SUSPICIOUS_MOVE = YES;
				CLANG_WARN_UNGUARDED_AVAILABILITY = YES_AGGRESSIVE;
				CLANG_WARN_UNREACHABLE_CODE = YES;
				CLANG_WARN__DUPLICATE_METHOD_MATCH = YES;
				COPY_PHASE_STRIP = NO;
				DEBUG_INFORMATION_FORMAT = dwarf;
				ENABLE_STRICT_OBJC_MSGSEND = YES;
				ENABLE_TESTABILITY = YES;
				ENABLE_USER_SCRIPT_SANDBOXING = YES;
				GCC_C_LANGUAGE_STANDARD = gnu17;
				GCC_DYNAMIC_NO_PIC = NO;
				GCC_NO_COMMON_BLOCKS = YES;
				GCC_OPTIMIZATION_LEVEL = 0;
				GCC_PREPROCESSOR_DEFINITIONS = (
					"DEBUG=1",
					"$(inherited)",
				);
				GCC_WARN_64_TO_32_BIT_CONVERSION = YES;
				GCC_WARN_ABOUT_RETURN_TYPE = YES_ERROR;
				GCC_WARN_UNDECLARED_SELECTOR = YES;
				GCC_WARN_UNINITIALIZED_AUTOS = YES_AGGRESSIVE;
				GCC_WARN_UNUSED_FUNCTION = YES;
				GCC_WARN_UNUSED_VARIABLE = YES;
				IPHONEOS_DEPLOYMENT_TARGET = 17.2;
				LOCALIZATION_PREFERS_STRING_CATALOGS = YES;
				MTL_ENABLE_DEBUG_INFO = INCLUDE_SOURCE;
				MTL_FAST_MATH = YES;
				ONLY_ACTIVE_ARCH = YES;
				SDKROOT = iphoneos;
				SWIFT_ACTIVE_COMPILATION_CONDITIONS = "DEBUG $(inherited)";
				SWIFT_OPTIMIZATION_LEVEL = "-Onone";
			};
			name = Debug;
		};
		DCB5D5212FCEF0D300540247 /* Release */ = {
			isa = XCBuildConfiguration;
			buildSettings = {
				ALWAYS_SEARCH_USER_PATHS = NO;
				ASSETCATALOG_COMPILER_GENERATE_SWIFT_ASSET_SYMBOL_EXTENSIONS = YES;
				CLANG_ANALYZER_NONNULL = YES;
				CLANG_ANALYZER_NUMBER_OBJECT_CONVERSION = YES_AGGRESSIVE;
				CLANG_CXX_LANGUAGE_STANDARD = "gnu++20";
				CLANG_ENABLE_MODULES = YES;
				CLANG_ENABLE_OBJC_ARC = YES;
				CLANG_ENABLE_OBJC_WEAK = YES;
				CLANG_WARN_BLOCK_CAPTURE_AUTORELEASING = YES;
				CLANG_WARN_BOOL_CONVERSION = YES;
				CLANG_WARN_COMMA = YES;
				CLANG_WARN_CONSTANT_CONVERSION = YES;
				CLANG_WARN_DEPRECATED_OBJC_IMPLEMENTATIONS = YES;
				CLANG_WARN_DIRECT_OBJC_ISA_USAGE = YES_ERROR;
				CLANG_WARN_DOCUMENTATION_COMMENTS = YES;
				CLANG_WARN_EMPTY_BODY = YES;
				CLANG_WARN_ENUM_CONVERSION = YES;
				CLANG_WARN_INFINITE_RECURSION = YES;
				CLANG_WARN_INT_CONVERSION = YES;
				CLANG_WARN_NON_LITERAL_NULL_CONVERSION = YES;
				CLANG_WARN_OBJC_IMPLICIT_RETAIN_SELF = YES;
				CLANG_WARN_OBJC_LITERAL_CONVERSION = YES;
				CLANG_WARN_OBJC_ROOT_CLASS = YES_ERROR;
				CLANG_WARN_QUOTED_INCLUDE_IN_FRAMEWORK_HEADER = YES;
				CLANG_WARN_RANGE_LOOP_ANALYSIS = YES;
				CLANG_WARN_STRICT_PROTOTYPES = YES;
				CLANG_WARN_SUSPICIOUS_MOVE = YES;
				CLANG_WARN_UNGUARDED_AVAILABILITY = YES_AGGRESSIVE;
				CLANG_WARN_UNREACHABLE_CODE = YES;
				CLANG_WARN__DUPLICATE_METHOD_MATCH = YES;
				COPY_PHASE_STRIP = NO;
				DEBUG_INFORMATION_FORMAT = "dwarf-with-dsym";
				ENABLE_NS_ASSERTIONS = NO;
				ENABLE_STRICT_OBJC_MSGSEND = YES;
				ENABLE_USER_SCRIPT_SANDBOXING = YES;
				GCC_C_LANGUAGE_STANDARD = gnu17;
				GCC_NO_COMMON_BLOCKS = YES;
				GCC_WARN_64_TO_32_BIT_CONVERSION = YES;
				GCC_WARN_ABOUT_RETURN_TYPE = YES_ERROR;
				GCC_WARN_UNDECLARED_SELECTOR = YES;
				GCC_WARN_UNINITIALIZED_AUTOS = YES_AGGRESSIVE;
				GCC_WARN_UNUSED_FUNCTION = YES;
				GCC_WARN_UNUSED_VARIABLE = YES;
				IPHONEOS_DEPLOYMENT_TARGET = 17.2;
				LOCALIZATION_PREFERS_STRING_CATALOGS = YES;
				MTL_ENABLE_DEBUG_INFO = NO;
				MTL_FAST_MATH = YES;
				SDKROOT = iphoneos;
				SWIFT_COMPILATION_MODE = wholemodule;
				VALIDATE_PRODUCT = YES;
			};
			name = Release;
		};
		DCB5D5232FCEF0D300540247 /* Debug */ = {
			isa = XCBuildConfiguration;
			buildSettings = {
				ASSETCATALOG_COMPILER_APPICON_NAME = AppIcon;
				ASSETCATALOG_COMPILER_GLOBAL_ACCENT_COLOR_NAME = AccentColor;
				CODE_SIGN_STYLE = Automatic;
				CURRENT_PROJECT_VERSION = 1;
				GENERATE_INFOPLIST_FILE = YES;
				INFOPLIST_FILE = sportacus/Info.plist;
				INFOPLIST_KEY_UIApplicationSupportsIndirectInputEvents = YES;
				INFOPLIST_KEY_UILaunchStoryboardName = LaunchScreen;
				INFOPLIST_KEY_UIMainStoryboardFile = Main;
				INFOPLIST_KEY_UISupportedInterfaceOrientations_iPad = "UIInterfaceOrientationPortrait UIInterfaceOrientationPortraitUpsideDown UIInterfaceOrientationLandscapeLeft UIInterfaceOrientationLandscapeRight";
				INFOPLIST_KEY_UISupportedInterfaceOrientations_iPhone = "UIInterfaceOrientationPortrait UIInterfaceOrientationLandscapeLeft UIInterfaceOrientationLandscapeRight";
				LD_RUNPATH_SEARCH_PATHS = (
					"$(inherited)",
					"@executable_path/Frameworks",
				);
				MARKETING_VERSION = 1.0;
				PRODUCT_BUNDLE_IDENTIFIER = jets.sportacus;
				PRODUCT_NAME = "$(TARGET_NAME)";
				SWIFT_EMIT_LOC_STRINGS = YES;
				SWIFT_VERSION = 5.0;
				TARGETED_DEVICE_FAMILY = "1,2";
			};
			name = Debug;
		};
		DCB5D5242FCEF0D300540247 /* Release */ = {
			isa = XCBuildConfiguration;
			buildSettings = {
				ASSETCATALOG_COMPILER_APPICON_NAME = AppIcon;
				ASSETCATALOG_COMPILER_GLOBAL_ACCENT_COLOR_NAME = AccentColor;
				CODE_SIGN_STYLE = Automatic;
				CURRENT_PROJECT_VERSION = 1;
				GENERATE_INFOPLIST_FILE = YES;
				INFOPLIST_FILE = sportacus/Info.plist;
				INFOPLIST_KEY_UIApplicationSupportsIndirectInputEvents = YES;
				INFOPLIST_KEY_UILaunchStoryboardName = LaunchScreen;
				INFOPLIST_KEY_UIMainStoryboardFile = Main;
				INFOPLIST_KEY_UISupportedInterfaceOrientations_iPad = "UIInterfaceOrientationPortrait UIInterfaceOrientationPortraitUpsideDown UIInterfaceOrientationLandscapeLeft UIInterfaceOrientationLandscapeRight";
				INFOPLIST_KEY_UISupportedInterfaceOrientations_iPhone = "UIInterfaceOrientationPortrait UIInterfaceOrientationLandscapeLeft UIInterfaceOrientationLandscapeRight";
				LD_RUNPATH_SEARCH_PATHS = (
					"$(inherited)",
					"@executable_path/Frameworks",
				);
				MARKETING_VERSION = 1.0;
				PRODUCT_BUNDLE_IDENTIFIER = jets.sportacus;
				PRODUCT_NAME = "$(TARGET_NAME)";
				SWIFT_EMIT_LOC_STRINGS = YES;
				SWIFT_VERSION = 5.0;
				TARGETED_DEVICE_FAMILY = "1,2";
			};
			name = Release;
		};
		DCB5D5262FCEF0D300540247 /* Debug */ = {
			isa = XCBuildConfiguration;
			buildSettings = {
				ALWAYS_EMBED_SWIFT_STANDARD_LIBRARIES = YES;
				BUNDLE_LOADER = "$(TEST_HOST)";
				CODE_SIGN_STYLE = Automatic;
				CURRENT_PROJECT_VERSION = 1;
				GENERATE_INFOPLIST_FILE = YES;
				IPHONEOS_DEPLOYMENT_TARGET = 17.2;
				MARKETING_VERSION = 1.0;
				PRODUCT_BUNDLE_IDENTIFIER = jets.sportacusTests;
				PRODUCT_NAME = "$(TARGET_NAME)";
				SWIFT_EMIT_LOC_STRINGS = NO;
				SWIFT_VERSION = 5.0;
				TARGETED_DEVICE_FAMILY = "1,2";
				TEST_HOST = "$(BUILT_PRODUCTS_DIR)/sportacus.app/$(BUNDLE_EXECUTABLE_FOLDER_PATH)/sportacus";
			};
			name = Debug;
		};
		DCB5D5272FCEF0D300540247 /* Release */ = {
			isa = XCBuildConfiguration;
			buildSettings = {
				ALWAYS_EMBED_SWIFT_STANDARD_LIBRARIES = YES;
				BUNDLE_LOADER = "$(TEST_HOST)";
				CODE_SIGN_STYLE = Automatic;
				CURRENT_PROJECT_VERSION = 1;
				GENERATE_INFOPLIST_FILE = YES;
				IPHONEOS_DEPLOYMENT_TARGET = 17.2;
				MARKETING_VERSION = 1.0;
				PRODUCT_BUNDLE_IDENTIFIER = jets.sportacusTests;
				PRODUCT_NAME = "$(TARGET_NAME)";
				SWIFT_EMIT_LOC_STRINGS = NO;
				SWIFT_VERSION = 5.0;
				TARGETED_DEVICE_FAMILY = "1,2";
				TEST_HOST = "$(BUILT_PRODUCTS_DIR)/sportacus.app/$(BUNDLE_EXECUTABLE_FOLDER_PATH)/sportacus";
			};
			name = Release;
		};
		DCB5D5292FCEF0D300540247 /* Debug */ = {
			isa = XCBuildConfiguration;
			buildSettings = {
				ALWAYS_EMBED_SWIFT_STANDARD_LIBRARIES = YES;
				CODE_SIGN_STYLE = Automatic;
				CURRENT_PROJECT_VERSION = 1;
				GENERATE_INFOPLIST_FILE = YES;
				MARKETING_VERSION = 1.0;
				PRODUCT_BUNDLE_IDENTIFIER = jets.sportacusUITests;
				PRODUCT_NAME = "$(TARGET_NAME)";
				SWIFT_EMIT_LOC_STRINGS = NO;
				SWIFT_VERSION = 5.0;
				TARGETED_DEVICE_FAMILY = "1,2";
				TEST_TARGET_NAME = sportacus;
			};
			name = Debug;
		};
		DCB5D52A2FCEF0D300540247 /* Release */ = {
			isa = XCBuildConfiguration;
			buildSettings = {
				ALWAYS_EMBED_SWIFT_STANDARD_LIBRARIES = YES;
				CODE_SIGN_STYLE = Automatic;
				CURRENT_PROJECT_VERSION = 1;
				GENERATE_INFOPLIST_FILE = YES;
				MARKETING_VERSION = 1.0;
				PRODUCT_BUNDLE_IDENTIFIER = jets.sportacusUITests;
				PRODUCT_NAME = "$(TARGET_NAME)";
				SWIFT_EMIT_LOC_STRINGS = NO;
				SWIFT_VERSION = 5.0;
				TARGETED_DEVICE_FAMILY = "1,2";
				TEST_TARGET_NAME = sportacus;
			};
			name = Release;
		};
/* End XCBuildConfiguration section */

/* Begin XCConfigurationList section */
		DCB5D4F02FCEF0CF00540247 /* Build configuration list for PBXProject "sportacus" */ = {
			isa = XCConfigurationList;
			buildConfigurations = (
				DCB5D5202FCEF0D300540247 /* Debug */,
				DCB5D5212FCEF0D300540247 /* Release */,
			);
			defaultConfigurationIsVisible = 0;
			defaultConfigurationName = Release;
		};
		DCB5D5222FCEF0D300540247 /* Build configuration list for PBXNativeTarget "sportacus" */ = {
			isa = XCConfigurationList;
			buildConfigurations = (
				DCB5D5232FCEF0D300540247 /* Debug */,
				DCB5D5242FCEF0D300540247 /* Release */,
			);
			defaultConfigurationIsVisible = 0;
			defaultConfigurationName = Release;
		};
		DCB5D5252FCEF0D300540247 /* Build configuration list for PBXNativeTarget "sportacusTests" */ = {
			isa = XCConfigurationList;
			buildConfigurations = (
				DCB5D5262FCEF0D300540247 /* Debug */,
				DCB5D5272FCEF0D300540247 /* Release */,
			);
			defaultConfigurationIsVisible = 0;
			defaultConfigurationName = Release;
		};
		DCB5D5282FCEF0D300540247 /* Build configuration list for PBXNativeTarget "sportacusUITests" */ = {
			isa = XCConfigurationList;
			buildConfigurations = (
				DCB5D5292FCEF0D300540247 /* Debug */,
				DCB5D52A2FCEF0D300540247 /* Release */,
			);
			defaultConfigurationIsVisible = 0;
			defaultConfigurationName = Release;
		};
/* End XCConfigurationList section */

/* Begin XCVersionGroup section */
		DCB5D5012FCEF0D000540247 /* sportacus.xcdatamodeld */ = {
			isa = XCVersionGroup;
			children = (
				DCB5D5022FCEF0D000540247 /* sportacus.xcdatamodel */,
			);
			currentVersion = DCB5D5022FCEF0D000540247 /* sportacus.xcdatamodel */;
			path = sportacus.xcdatamodeld;
			sourceTree = "<group>";
			versionGroupType = wrapper.xcdatamodel;
		};
/* End XCVersionGroup section */
	};
	rootObject = DCB5D4ED2FCEF0CF00540247 /* Project object */;
}
